
Microsoft Visual Studio Solution File, Format Version 12.00
# Visual Studio Version 16
VisualStudioVersion = 16.0.31129.286
MinimumVisualStudioVersion = 10.0.40219.1
Project("{FAE04EC0-301F-11D3-BF4B-00C04F79EFBC}") = "ClassLibraryProjects", "ClassLibraryProjects\ClassLibraryProjects.csproj", "{44DA0BB8-BA03-4F1E-9AE6-15155088E3D3}"
EndProject
Project("{FAE04EC0-301F-11D3-BF4B-00C04F79EFBC}") = "ShowCase", "ShowCase\ShowCase.csproj", "{8D39365D-5BC1-4128-9517-270FAB7CFE5C}"
EndProject
Project("{FAE04EC0-301F-11D3-BF4B-00C04F79EFBC}") = "StringLibraryTest", "StringLibraryTest\StringLibraryTest.csproj", "{5B2A850E-5263-4D01-96B4-1D7CB4D1AB53}"
EndProject
Global
	GlobalSection(SolutionConfigurationPlatforms) = preSolution
		Debug|Any CPU = Debug|Any CPU
		Release|Any CPU = Release|Any CPU
	EndGlobalSection
	GlobalSection(ProjectConfigurationPlatforms) = postSolution
		{44DA0BB8-BA03-4F1E-9AE6-15155088E3D3}.Debug|Any CPU.ActiveCfg = Debug|Any CPU
		{44DA0BB8-BA03-4F1E-9AE6-15155088E3D3}.Debug|Any CPU.Build.0 = Debug|Any CPU
		{44DA0BB8-BA03-4F1E-9AE6-15155088E3D3}.Release|Any CPU.ActiveCfg = Release|Any CPU
		{44DA0BB8-BA03-4F1E-9AE6-15155088E3D3}.Release|Any CPU.Build.0 = Release|Any CPU
		{8D39365D-5BC1-4128-9517-270FAB7CFE5C}.Debug|Any CPU.ActiveCfg = Debug|Any CPU
		{8D39365D-5BC1-4128-9517-270FAB7CFE5C}.Debug|Any CPU.Build.0 = Debug|Any CPU
		{8D39365D-5BC1-4128-9517-270FAB7CFE5C}.Release|Any CPU.ActiveCfg = Release|Any CPU
		{8D39365D-5BC1-4128-9517-270FAB7CFE5C}.Release|Any CPU.Build.0 = Release|Any CPU
		{5B2A850E-5263-4D01-96B4-1D7CB4D1AB53}.Debug|Any CPU.ActiveCfg = Debug|Any CPU
		{5B2A850E-5263-4D01-96B4-1D7CB4D1AB53}.Debug|Any CPU.Build.0 = Debug|Any CPU
		{5B2A850E-5263-4D01-96B4-1D7CB4D1AB53}.Release|Any CPU.ActiveCfg = Release|Any CPU
		{5B2A850E-5263-4D01-96B4-1D7CB4D1AB53}.Release|Any CPU.Build.0 = Release|Any CPU
	EndGlobalSection
	GlobalSection(SolutionProperties) = preSolution
		HideSolutionNode = FALSE
	EndGlobalSection
	GlobalSection(ExtensibilityGlobals) = postSolution
		SolutionGuid = {BEC78E2D-981D-400F-A12D-EB7695E625ED}
	EndGlobalSection
EndGlobal
