
Microsoft Visual Studio Solution File, Format Version 12.00
# Visual Studio Version 17
VisualStudioVersion = 17.0.32014.148
MinimumVisualStudioVersion = 10.0.40219.1
Project("{9A19103F-16F7-4668-BE54-9A1E7A4F7556}") = "ShowCase", "ShowCase\ShowCase.csproj", "{350A89FD-356C-4DE7-842C-92FC60E95562}"
	ProjectSection(ProjectDependencies) = postProject
		{6883D26A-3814-4519-B1F5-D3E728CF580C} = {6883D26A-3814-4519-B1F5-D3E728CF580C}
	EndProjectSection
EndProject
Project("{FAE04EC0-301F-11D3-BF4B-00C04F79EFBC}") = "StringLibrariesProjects", "StringLibrariesProjects\StringLibrariesProjects.csproj", "{6883D26A-3814-4519-B1F5-D3E728CF580C}"
EndProject
Project("{FAE04EC0-301F-11D3-BF4B-00C04F79EFBC}") = "UnitTestProject", "UnitTestProject\UnitTestProject.csproj", "{300AAF3C-C519-4D8D-92E3-03E13235880C}"
	ProjectSection(ProjectDependencies) = postProject
		{6883D26A-3814-4519-B1F5-D3E728CF580C} = {6883D26A-3814-4519-B1F5-D3E728CF580C}
	EndProjectSection
EndProject
Global
	GlobalSection(SolutionConfigurationPlatforms) = preSolution
		Debug|Any CPU = Debug|Any CPU
		Release|Any CPU = Release|Any CPU
	EndGlobalSection
	GlobalSection(ProjectConfigurationPlatforms) = postSolution
		{350A89FD-356C-4DE7-842C-92FC60E95562}.Debug|Any CPU.ActiveCfg = Debug|Any CPU
		{350A89FD-356C-4DE7-842C-92FC60E95562}.Debug|Any CPU.Build.0 = Debug|Any CPU
		{350A89FD-356C-4DE7-842C-92FC60E95562}.Release|Any CPU.ActiveCfg = Release|Any CPU
		{350A89FD-356C-4DE7-842C-92FC60E95562}.Release|Any CPU.Build.0 = Release|Any CPU
		{6883D26A-3814-4519-B1F5-D3E728CF580C}.Debug|Any CPU.ActiveCfg = Debug|Any CPU
		{6883D26A-3814-4519-B1F5-D3E728CF580C}.Debug|Any CPU.Build.0 = Debug|Any CPU
		{6883D26A-3814-4519-B1F5-D3E728CF580C}.Release|Any CPU.ActiveCfg = Release|Any CPU
		{6883D26A-3814-4519-B1F5-D3E728CF580C}.Release|Any CPU.Build.0 = Release|Any CPU
		{300AAF3C-C519-4D8D-92E3-03E13235880C}.Debug|Any CPU.ActiveCfg = Debug|Any CPU
		{300AAF3C-C519-4D8D-92E3-03E13235880C}.Debug|Any CPU.Build.0 = Debug|Any CPU
		{300AAF3C-C519-4D8D-92E3-03E13235880C}.Release|Any CPU.ActiveCfg = Release|Any CPU
		{300AAF3C-C519-4D8D-92E3-03E13235880C}.Release|Any CPU.Build.0 = Release|Any CPU
	EndGlobalSection
	GlobalSection(SolutionProperties) = preSolution
		HideSolutionNode = FALSE
	EndGlobalSection
	GlobalSection(ExtensibilityGlobals) = postSolution
		SolutionGuid = {86825A7D-1995-4AF5-893D-08BE57CF1DEC}
	EndGlobalSection
EndGlobal
